
Microsoft Visual Studio Solution File, Format Version 12.00
# Visual Studio 2012
Project("{FAE04EC0-301F-11D3-BF4B-00C04F79EFBC}") = "Picasso", "Picasso\Picasso.csproj", "{D4754952-2248-43D3-9528-91B71BCBB34D}"
EndProject
Project("{FAE04EC0-301F-11D3-BF4B-00C04F79EFBC}") = "PicassoTest", "PicassoTest\PicassoTest.csproj", "{850FD1DA-FD20-4186-B580-98BDFA14E551}"
EndProject
Project("{FAE04EC0-301F-11D3-BF4B-00C04F79EFBC}") = "PicassoSample", "PicassoSample\PicassoSample.csproj", "{E3E554AF-D173-4E11-B4D8-3C75157DC257}"
EndProject
Project("{2150E333-8FDC-42A3-9474-1A3956D46DE8}") = ".nuget", ".nuget", "{C0A086F9-D969-4171-99E4-4FA2457E33E7}"
	ProjectSection(SolutionItems) = preProject
		.nuget\NuGet.Config = .nuget\NuGet.Config
		.nuget\NuGet.exe = .nuget\NuGet.exe
		.nuget\NuGet.targets = .nuget\NuGet.targets
	EndProjectSection
EndProject
Project("{FAE04EC0-301F-11D3-BF4B-00C04F79EFBC}") = "testdrive", "testdrive\testdrive\testdrive.csproj", "{D1179F3D-B0F2-46C5-84B9-07C2034F43F5}"
EndProject
Global
	GlobalSection(SolutionConfigurationPlatforms) = preSolution
		Debug|Any CPU = Debug|Any CPU
		Release|Any CPU = Release|Any CPU
	EndGlobalSection
	GlobalSection(ProjectConfigurationPlatforms) = postSolution
		{D4754952-2248-43D3-9528-91B71BCBB34D}.Debug|Any CPU.ActiveCfg = Debug|Any CPU
		{D4754952-2248-43D3-9528-91B71BCBB34D}.Debug|Any CPU.Build.0 = Debug|Any CPU
		{D4754952-2248-43D3-9528-91B71BCBB34D}.Release|Any CPU.ActiveCfg = Release|Any CPU
		{D4754952-2248-43D3-9528-91B71BCBB34D}.Release|Any CPU.Build.0 = Release|Any CPU
		{850FD1DA-FD20-4186-B580-98BDFA14E551}.Debug|Any CPU.ActiveCfg = Debug|Any CPU
		{850FD1DA-FD20-4186-B580-98BDFA14E551}.Debug|Any CPU.Build.0 = Debug|Any CPU
		{850FD1DA-FD20-4186-B580-98BDFA14E551}.Release|Any CPU.ActiveCfg = Release|Any CPU
		{850FD1DA-FD20-4186-B580-98BDFA14E551}.Release|Any CPU.Build.0 = Release|Any CPU
		{E3E554AF-D173-4E11-B4D8-3C75157DC257}.Debug|Any CPU.ActiveCfg = Debug|Any CPU
		{E3E554AF-D173-4E11-B4D8-3C75157DC257}.Debug|Any CPU.Build.0 = Debug|Any CPU
		{E3E554AF-D173-4E11-B4D8-3C75157DC257}.Release|Any CPU.ActiveCfg = Release|Any CPU
		{E3E554AF-D173-4E11-B4D8-3C75157DC257}.Release|Any CPU.Build.0 = Release|Any CPU
		{D1179F3D-B0F2-46C5-84B9-07C2034F43F5}.Debug|Any CPU.ActiveCfg = Debug|Any CPU
		{D1179F3D-B0F2-46C5-84B9-07C2034F43F5}.Debug|Any CPU.Build.0 = Debug|Any CPU
		{D1179F3D-B0F2-46C5-84B9-07C2034F43F5}.Release|Any CPU.ActiveCfg = Release|Any CPU
		{D1179F3D-B0F2-46C5-84B9-07C2034F43F5}.Release|Any CPU.Build.0 = Release|Any CPU
	EndGlobalSection
	GlobalSection(SolutionProperties) = preSolution
		HideSolutionNode = FALSE
	EndGlobalSection
EndGlobal
