
Microsoft Visual Studio Solution File, Format Version 12.00
# Visual Studio 2012
Project("{FAE04EC0-301F-11D3-BF4B-00C04F79EFBC}") = "Caruso", "Caruso\Caruso.csproj", "{DFDF8E13-A939-4E12-A616-28E41C2AD7FF}"
EndProject
Project("{FAE04EC0-301F-11D3-BF4B-00C04F79EFBC}") = "CarusoTest", "CarusoTest\CarusoTest.csproj", "{B6FC8067-96AC-4495-A6B2-C15E741A5EB5}"
EndProject
Project("{FAE04EC0-301F-11D3-BF4B-00C04F79EFBC}") = "CarusoSample", "CarusoSample\CarusoSample.csproj", "{CD1C96D9-7E94-4BA8-86F6-F24C1C5B0A42}"
EndProject
Project("{FAE04EC0-301F-11D3-BF4B-00C04F79EFBC}") = "testdrive", "testdrive\testdrive\testdrive.csproj", "{D1179F3D-B0F2-46C5-84B9-07C2034F43F5}"
EndProject
Project("{FAE04EC0-301F-11D3-BF4B-00C04F79EFBC}") = "tests", "testdrive\UnitTest\tests.csproj", "{CD421497-5377-45C5-A141-C4E4C657F014}"
EndProject
Global
	GlobalSection(SolutionConfigurationPlatforms) = preSolution
		Debug|Any CPU = Debug|Any CPU
		Release|Any CPU = Release|Any CPU
	EndGlobalSection
	GlobalSection(ProjectConfigurationPlatforms) = postSolution
		{DFDF8E13-A939-4E12-A616-28E41C2AD7FF}.Debug|Any CPU.ActiveCfg = Debug|Any CPU
		{DFDF8E13-A939-4E12-A616-28E41C2AD7FF}.Debug|Any CPU.Build.0 = Debug|Any CPU
		{DFDF8E13-A939-4E12-A616-28E41C2AD7FF}.Release|Any CPU.ActiveCfg = Release|Any CPU
		{DFDF8E13-A939-4E12-A616-28E41C2AD7FF}.Release|Any CPU.Build.0 = Release|Any CPU
		{B6FC8067-96AC-4495-A6B2-C15E741A5EB5}.Debug|Any CPU.ActiveCfg = Debug|Any CPU
		{B6FC8067-96AC-4495-A6B2-C15E741A5EB5}.Debug|Any CPU.Build.0 = Debug|Any CPU
		{B6FC8067-96AC-4495-A6B2-C15E741A5EB5}.Release|Any CPU.ActiveCfg = Release|Any CPU
		{B6FC8067-96AC-4495-A6B2-C15E741A5EB5}.Release|Any CPU.Build.0 = Release|Any CPU
		{CD1C96D9-7E94-4BA8-86F6-F24C1C5B0A42}.Debug|Any CPU.ActiveCfg = Debug|Any CPU
		{CD1C96D9-7E94-4BA8-86F6-F24C1C5B0A42}.Debug|Any CPU.Build.0 = Debug|Any CPU
		{CD1C96D9-7E94-4BA8-86F6-F24C1C5B0A42}.Release|Any CPU.ActiveCfg = Release|Any CPU
		{CD1C96D9-7E94-4BA8-86F6-F24C1C5B0A42}.Release|Any CPU.Build.0 = Release|Any CPU
		{D1179F3D-B0F2-46C5-84B9-07C2034F43F5}.Debug|Any CPU.ActiveCfg = Debug|Any CPU
		{D1179F3D-B0F2-46C5-84B9-07C2034F43F5}.Debug|Any CPU.Build.0 = Debug|Any CPU
		{D1179F3D-B0F2-46C5-84B9-07C2034F43F5}.Release|Any CPU.ActiveCfg = Release|Any CPU
		{D1179F3D-B0F2-46C5-84B9-07C2034F43F5}.Release|Any CPU.Build.0 = Release|Any CPU
		{CD421497-5377-45C5-A141-C4E4C657F014}.Debug|Any CPU.ActiveCfg = Debug|Any CPU
		{CD421497-5377-45C5-A141-C4E4C657F014}.Debug|Any CPU.Build.0 = Debug|Any CPU
		{CD421497-5377-45C5-A141-C4E4C657F014}.Release|Any CPU.ActiveCfg = Release|Any CPU
		{CD421497-5377-45C5-A141-C4E4C657F014}.Release|Any CPU.Build.0 = Release|Any CPU
	EndGlobalSection
	GlobalSection(SolutionProperties) = preSolution
		HideSolutionNode = FALSE
	EndGlobalSection
EndGlobal
